
Microsoft Visual Studio Solution File, Format Version 12.00
# Visual Studio Version 16
VisualStudioVersion = 25.0.1704.0
MinimumVisualStudioVersion = 10.0.40219.1
Project("{FAE04EC0-301F-11D3-BF4B-00C04F79EFBC}") = "MyFirstApp", "MyFirstApp\MyFirstApp.csproj", "{EDAB2386-CD38-4D38-AEFA-00DC3C1AD336}"
EndProject
Global
	GlobalSection(SolutionConfigurationPlatforms) = preSolution
		Debug|Any CPU = Debug|Any CPU
		Release|Any CPU = Release|Any CPU
	EndGlobalSection
	GlobalSection(ProjectConfigurationPlatforms) = postSolution
		{EDAB2386-CD38-4D38-AEFA-00DC3C1AD336}.Debug|Any CPU.ActiveCfg = Debug|Any CPU
		{EDAB2386-CD38-4D38-AEFA-00DC3C1AD336}.Debug|Any CPU.Build.0 = Debug|Any CPU
		{EDAB2386-CD38-4D38-AEFA-00DC3C1AD336}.Release|Any CPU.ActiveCfg = Release|Any CPU
		{EDAB2386-CD38-4D38-AEFA-00DC3C1AD336}.Release|Any CPU.Build.0 = Release|Any CPU
	EndGlobalSection
	GlobalSection(SolutionProperties) = preSolution
		HideSolutionNode = FALSE
	EndGlobalSection
	GlobalSection(ExtensibilityGlobals) = postSolution
		SolutionGuid = {78FB34C5-1308-498B-A75D-06A1B7BD8B91}
	EndGlobalSection
EndGlobal
